// !$*UTF8*$!
{
	archiveVersion = 1;
	classes = {
	};
	objectVersion = 46;
	objects = {

/* Begin PBXBuildFile section */
		BE3DFFC11E56482B00C0B0E7 /* AppDelegate.swift in Sources */ = {isa = PBXBuildFile; fileRef = BE3DFFC01E56482B00C0B0E7 /* AppDelegate.swift */; };
		BE3DFFC31E56482B00C0B0E7 /* ViewController.swift in Sources */ = {isa = PBXBuildFile; fileRef = BE3DFFC21E56482B00C0B0E7 /* ViewController.swift */; };
		BE3DFFC61E56482B00C0B0E7 /* Main.storyboard in Resources */ = {isa = PBXBuildFile; fileRef = BE3DFFC41E56482B00C0B0E7 /* Main.storyboard */; };
		BE3DFFC81E56482B00C0B0E7 /* Assets.xcassets in Resources */ = {isa = PBXBuildFile; fileRef = BE3DFFC71E56482B00C0B0E7 /* Assets.xcassets */; };
		BE3DFFCB1E56482B00C0B0E7 /* LaunchScreen.storyboard in Resources */ = {isa = PBXBuildFile; fileRef = BE3DFFC91E56482B00C0B0E7 /* LaunchScreen.storyboard */; };
/* End PBXBuildFile section */

/* Begin PBXFileReference section */
		BE3DFFBD1E56482B00C0B0E7 /* SaleFB.app */ = {isa = PBXFileReference; explicitFileType = wrapper.application; includeInIndex = 0; path = SaleFB.app; sourceTree = BUILT_PRODUCTS_DIR; };
		BE3DFFC01E56482B00C0B0E7 /* AppDelegate.swift */ = {isa = PBXFileReference; lastKnownFileType = sourcecode.swift; path = AppDelegate.swift; sourceTree = "<group>"; };
		BE3DFFC21E56482B00C0B0E7 /* ViewController.swift */ = {isa = PBXFileReference; lastKnownFileType = sourcecode.swift; path = ViewController.swift; sourceTree = "<group>"; };
		BE3DFFC51E56482B00C0B0E7 /* Base */ = {isa = PBXFileReference; lastKnownFileType = file.storyboard; name = Base; path = Base.lproj/Main.storyboard; sourceTree = "<group>"; };
		BE3DFFC71E56482B00C0B0E7 /* Assets.xcassets */ = {isa = PBXFileReference; lastKnownFileType = folder.assetcatalog; path = Assets.xcassets; sourceTree = "<group>"; };
		BE3DFFCA1E56482B00C0B0E7 /* Base */ = {isa = PBXFileReference; lastKnownFileType = file.storyboard; name = Base; path = Base.lproj/LaunchScreen.storyboard; sourceTree = "<group>"; };
		BE3DFFCC1E56482B00C0B0E7 /* Info.plist */ = {isa = PBXFileReference; lastKnownFileType = text.plist.xml; path = Info.plist; sourceTree = "<group>"; };
/* End PBXFileReference section */

/* Begin PBXFrameworksBuildPhase section */
		BE3DFFBA1E56482B00C0B0E7 /* Frameworks */ = {
			isa = PBXFrameworksBuildPhase;
			buildActionMask = 2147483647;
			files = (
			);
			runOnlyForDeploymentPostprocessing = 0;
		};
/* End PBXFrameworksBuildPhase section */

/* Begin PBXGroup section */
		BE3DFFB41E56482B00C0B0E7 = {
			isa = PBXGroup;
			children = (
				BE3DFFBF1E56482B00C0B0E7 /* SaleFB */,
				BE3DFFBE1E56482B00C0B0E7 /* Products */,
			);
			sourceTree = "<group>";
		};
		BE3DFFBE1E56482B00C0B0E7 /* Products */ = {
			isa = PBXGroup;
			children = (
				BE3DFFBD1E56482B00C0B0E7 /* SaleFB.app */,
			);
			name = Products;
			sourceTree = "<group>";
		};
		BE3DFFBF1E56482B00C0B0E7 /* SaleFB */ = {
			isa = PBXGroup;
			children = (
				BE3DFFC01E56482B00C0B0E7 /* AppDelegate.swift */,
				BE3DFFC21E56482B00C0B0E7 /* ViewController.swift */,
				BE3DFFC41E56482B00C0B0E7 /* Main.storyboard */,
				BE3DFFC71E56482B00C0B0E7 /* Assets.xcassets */,
				BE3DFFC91E56482B00C0B0E7 /* LaunchScreen.storyboard */,
				BE3DFFCC1E56482B00C0B0E7 /* Info.plist */,
			);
			path = SaleFB;
			sourceTree = "<group>";
		};
/* End PBXGroup section */

/* Begin PBXNativeTarget section */
		BE3DFFBC1E56482B00C0B0E7 /* SaleFB */ = {
			isa = PBXNativeTarget;
			buildConfigurationList = BE3DFFCF1E56482B00C0B0E7 /* Build configuration list for PBXNativeTarget "SaleFB" */;
			buildPhases = (
				BE3DFFB91E56482B00C0B0E7 /* Sources */,
				BE3DFFBA1E56482B00C0B0E7 /* Frameworks */,
				BE3DFFBB1E56482B00C0B0E7 /* Resources */,
			);
			buildRules = (
			);
			dependencies = (
			);
			name = SaleFB;
			productName = SaleFB;
			productReference = BE3DFFBD1E56482B00C0B0E7 /* SaleFB.app */;
			productType = "com.apple.product-type.application";
		};
/* End PBXNativeTarget section */

/* Begin PBXProject section */
		BE3DFFB51E56482B00C0B0E7 /* Project object */ = {
			isa = PBXProject;
			attributes = {
				LastSwiftUpdateCheck = 0820;
				LastUpgradeCheck = 0820;
				ORGANIZATIONNAME = "Qusai Asaad";
				TargetAttributes = {
					BE3DFFBC1E56482B00C0B0E7 = {
						CreatedOnToolsVersion = 8.2.1;
						ProvisioningStyle = Automatic;
					};
				};
			};
			buildConfigurationList = BE3DFFB81E56482B00C0B0E7 /* Build configuration list for PBXProject "SaleFB" */;
			compatibilityVersion = "Xcode 3.2";
			developmentRegion = English;
			hasScannedForEncodings = 0;
			knownRegions = (
				en,
				Base,
			);
			mainGroup = BE3DFFB41E56482B00C0B0E7;
			productRefGroup = BE3DFFBE1E56482B00C0B0E7 /* Products */;
			projectDirPath = "";
			projectRoot = "";
			targets = (
				BE3DFFBC1E56482B00C0B0E7 /* SaleFB */,
			);
		};
/* End PBXProject section */

/* Begin PBXResourcesBuildPhase section */
		BE3DFFBB1E56482B00C0B0E7 /* Resources */ = {
			isa = PBXResourcesBuildPhase;
			buildActionMask = 2147483647;
			files = (
				BE3DFFCB1E56482B00C0B0E7 /* LaunchScreen.storyboard in Resources */,
				BE3DFFC81E56482B00C0B0E7 /* Assets.xcassets in Resources */,
				BE3DFFC61E56482B00C0B0E7 /* Main.storyboard in Resources */,
			);
			runOnlyForDeploymentPostprocessing = 0;
		};
/* End PBXResourcesBuildPhase section */

/* Begin PBXSourcesBuildPhase section */
		BE3DFFB91E56482B00C0B0E7 /* Sources */ = {
			isa = PBXSourcesBuildPhase;
			buildActionMask = 2147483647;
			files = (
				BE3DFFC31E56482B00C0B0E7 /* ViewController.swift in Sources */,
				BE3DFFC11E56482B00C0B0E7 /* AppDelegate.swift in Sources */,
			);
			runOnlyForDeploymentPostprocessing = 0;
		};
/* End PBXSourcesBuildPhase section */

/* Begin PBXVariantGroup section */
		BE3DFFC41E56482B00C0B0E7 /* Main.storyboard */ = {
			isa = PBXVariantGroup;
			children = (
				BE3DFFC51E56482B00C0B0E7 /* Base */,
			);
			name = Main.storyboard;
			sourceTree = "<group>";
		};
		BE3DFFC91E56482B00C0B0E7 /* LaunchScreen.storyboard */ = {
			isa = PBXVariantGroup;
			children = (
				BE3DFFCA1E56482B00C0B0E7 /* Base */,
			);
			name = LaunchScreen.storyboard;
			sourceTree = "<group>";
		};
/* End PBXVariantGroup section */

/* Begin XCBuildConfiguration section */
		BE3DFFCD1E56482B00C0B0E7 /* Debug */ = {
			isa = XCBuildConfiguration;
			buildSettings = {
				ALWAYS_SEARCH_USER_PATHS = NO;
				CLANG_ANALYZER_NONNULL = YES;
				CLANG_CXX_LANGUAGE_STANDARD = "gnu++0x";
				CLANG_CXX_LIBRARY = "libc++";
				CLANG_ENABLE_MODULES = YES;
				CLANG_ENABLE_OBJC_ARC = YES;
				CLANG_WARN_BOOL_CONVERSION = YES;
				CLANG_WARN_CONSTANT_CONVERSION = YES;
				CLANG_WARN_DIRECT_OBJC_ISA_USAGE = YES_ERROR;
				CLANG_WARN_DOCUMENTATION_COMMENTS = YES;
				CLANG_WARN_EMPTY_BODY = YES;
				CLANG_WARN_ENUM_CONVERSION = YES;
				CLANG_WARN_INFINITE_RECURSION = YES;
				CLANG_WARN_INT_CONVERSION = YES;
				CLANG_WARN_OBJC_ROOT_CLASS = YES_ERROR;
				CLANG_WARN_SUSPICIOUS_MOVE = YES;
				CLANG_WARN_UNREACHABLE_CODE = YES;
				CLANG_WARN__DUPLICATE_METHOD_MATCH = YES;
				"CODE_SIGN_IDENTITY[sdk=iphoneos*]" = "iPhone Developer";
				COPY_PHASE_STRIP = NO;
				DEBUG_INFORMATION_FORMAT = dwarf;
				ENABLE_STRICT_OBJC_MSGSEND = YES;
				ENABLE_TESTABILITY = YES;
				GCC_C_LANGUAGE_STANDARD = gnu99;
				GCC_DYNAMIC_NO_PIC = NO;
				GCC_NO_COMMON_BLOCKS = YES;
				GCC_OPTIMIZATION_LEVEL = 0;
				GCC_PREPROCESSOR_DEFINITIONS = (
					"DEBUG=1",
					"$(inherited)",
				);
				GCC_WARN_64_TO_32_BIT_CONVERSION = YES;
				GCC_WARN_ABOUT_RETURN_TYPE = YES_ERROR;
				GCC_WARN_UNDECLARED_SELECTOR = YES;
				GCC_WARN_UNINITIALIZED_AUTOS = YES_AGGRESSIVE;
				GCC_WARN_UNUSED_FUNCTION = YES;
				GCC_WARN_UNUSED_VARIABLE = YES;
				IPHONEOS_DEPLOYMENT_TARGET = 10.2;
				MTL_ENABLE_DEBUG_INFO = YES;
				ONLY_ACTIVE_ARCH = YES;
				SDKROOT = iphoneos;
				SWIFT_ACTIVE_COMPILATION_CONDITIONS = DEBUG;
				SWIFT_OPTIMIZATION_LEVEL = "-Onone";
				TARGETED_DEVICE_FAMILY = "1,2";
			};
			name = Debug;
		};
		BE3DFFCE1E56482B00C0B0E7 /* Release */ = {
			isa = XCBuildConfiguration;
			buildSettings = {
				ALWAYS_SEARCH_USER_PATHS = NO;
				CLANG_ANALYZER_NONNULL = YES;
				CLANG_CXX_LANGUAGE_STANDARD = "gnu++0x";
				CLANG_CXX_LIBRARY = "libc++";
				CLANG_ENABLE_MODULES = YES;
				CLANG_ENABLE_OBJC_ARC = YES;
				CLANG_WARN_BOOL_CONVERSION = YES;
				CLANG_WARN_CONSTANT_CONVERSION = YES;
				CLANG_WARN_DIRECT_OBJC_ISA_USAGE = YES_ERROR;
				CLANG_WARN_DOCUMENTATION_COMMENTS = YES;
				CLANG_WARN_EMPTY_BODY = YES;
				CLANG_WARN_ENUM_CONVERSION = YES;
				CLANG_WARN_INFINITE_RECURSION = YES;
				CLANG_WARN_INT_CONVERSION = YES;
				CLANG_WARN_OBJC_ROOT_CLASS = YES_ERROR;
				CLANG_WARN_SUSPICIOUS_MOVE = YES;
				CLANG_WARN_UNREACHABLE_CODE = YES;
				CLANG_WARN__DUPLICATE_METHOD_MATCH = YES;
				"CODE_SIGN_IDENTITY[sdk=iphoneos*]" = "iPhone Developer";
				COPY_PHASE_STRIP = NO;
				DEBUG_INFORMATION_FORMAT = "dwarf-with-dsym";
				ENABLE_NS_ASSERTIONS = NO;
				ENABLE_STRICT_OBJC_MSGSEND = YES;
				GCC_C_LANGUAGE_STANDARD = gnu99;
				GCC_NO_COMMON_BLOCKS = YES;
				GCC_WARN_64_TO_32_BIT_CONVERSION = YES;
				GCC_WARN_ABOUT_RETURN_TYPE = YES_ERROR;
				GCC_WARN_UNDECLARED_SELECTOR = YES;
				GCC_WARN_UNINITIALIZED_AUTOS = YES_AGGRESSIVE;
				GCC_WARN_UNUSED_FUNCTION = YES;
				GCC_WARN_UNUSED_VARIABLE = YES;
				IPHONEOS_DEPLOYMENT_TARGET = 10.2;
				MTL_ENABLE_DEBUG_INFO = NO;
				SDKROOT = iphoneos;
				SWIFT_OPTIMIZATION_LEVEL = "-Owholemodule";
				TARGETED_DEVICE_FAMILY = "1,2";
				VALIDATE_PRODUCT = YES;
			};
			name = Release;
		};
		BE3DFFD01E56482B00C0B0E7 /* Debug */ = {
			isa = XCBuildConfiguration;
			buildSettings = {
				ASSETCATALOG_COMPILER_APPICON_NAME = AppIcon;
				INFOPLIST_FILE = SaleFB/Info.plist;
				LD_RUNPATH_SEARCH_PATHS = "$(inherited) @executable_path/Frameworks";
				PRODUCT_BUNDLE_IDENTIFIER = com..SaleFB;
				PRODUCT_NAME = "$(TARGET_NAME)";
				SWIFT_VERSION = 3.0;
			};
			name = Debug;
		};
		BE3DFFD11E56482B00C0B0E7 /* Release */ = {
			isa = XCBuildConfiguration;
			buildSettings = {
				ASSETCATALOG_COMPILER_APPICON_NAME = AppIcon;
				INFOPLIST_FILE = SaleFB/Info.plist;
				LD_RUNPATH_SEARCH_PATHS = "$(inherited) @executable_path/Frameworks";
				PRODUCT_BUNDLE_IDENTIFIER = com..SaleFB;
				PRODUCT_NAME = "$(TARGET_NAME)";
				SWIFT_VERSION = 3.0;
			};
			name = Release;
		};
/* End XCBuildConfiguration section */

/* Begin XCConfigurationList section */
		BE3DFFB81E56482B00C0B0E7 /* Build configuration list for PBXProject "SaleFB" */ = {
			isa = XCConfigurationList;
			buildConfigurations = (
				BE3DFFCD1E56482B00C0B0E7 /* Debug */,
				BE3DFFCE1E56482B00C0B0E7 /* Release */,
			);
			defaultConfigurationIsVisible = 0;
			defaultConfigurationName = Release;
		};
		BE3DFFCF1E56482B00C0B0E7 /* Build configuration list for PBXNativeTarget "SaleFB" */ = {
			isa = XCConfigurationList;
			buildConfigurations = (
				BE3DFFD01E56482B00C0B0E7 /* Debug */,
				BE3DFFD11E56482B00C0B0E7 /* Release */,
			);
			defaultConfigurationIsVisible = 0;
		};
/* End XCConfigurationList section */
	};
	rootObject = BE3DFFB51E56482B00C0B0E7 /* Project object */;
}
